{"format_version":"1.1","terraform_version":"1.3.7","variables":{"ec2_instances_a":{"value":{"acox_a_1":{"name":"acox-instance-a-1"},"acox_a_2":{"name":"acox-instance-a-2"}}},"ec2_instances_b":{"value":{"acox_b_1":{"name":"acox-instance-b-1"},"acox_b_2":{"name":"acox-instance-b-2"}}}},"planned_values":{"outputs":{"acox_alb_dns":{"sensitive":false}},"root_module":{"child_modules":[{"resources":[{"address":"module.acox_alb.aws_lb.acox_alb","mode":"managed","type":"aws_lb","name":"acox_alb","provider_name":"registry.terraform.io/hashicorp/aws","schema_version":0,"values":{"access_logs":[],"customer_owned_ipv4_pool":null,"desync_mitigation_mode":"defensive","drop_invalid_header_fields":false,"enable_cross_zone_load_balancing":null,"enable_deletion_protection":false,"enable_http2":true,"enable_waf_fail_open":false,"idle_timeout":60,"internal":false,"load_balancer_type":"application","name":"test-lb-tf","name_prefix":null,"tags":{"Environment":"acox-alb"},"tags_all":{"Environment":"acox-alb"},"timeouts":null},"sensitive_values":{"access_logs":[],"security_groups":[],"subnet_mapping":[],"subnets":[],"tags":{},"tags_all":{}}},{"address":"module.acox_alb.aws_lb_listener.acox_alb_listener","mode":"managed","type":"aws_lb_listener","name":"acox_alb_listener","provider_name":"registry.terraform.io/hashicorp/aws","schema_version":0,"values":{"alpn_policy":null,"certificate_arn":null,"default_action":[{"authenticate_cognito":[],"authenticate_oidc":[],"fixed_response":[{"content_type":"text/plain","message_body":"Fixed response content","status_code":"200"}],"forward":[],"redirect":[],"target_group_arn":null,"type":"fixed-response"}],"port":80,"protocol":"HTTP","tags":null,"timeouts":null},"sensitive_values":{"default_action":[{"authenticate_cognito":[],"authenticate_oidc":[],"fixed_response":[{}],"forward":[],"redirect":[]}],"tags_all":{}}}],"address":"module.acox_alb"},{"resources":[{"address":"module.acox_instances_region_a[\"acox_a_1\"].aws_instance.acox_instance","mode":"managed","type":"aws_instance","name":"acox_instance","provider_name":"registry.terraform.io/hashicorp/aws","schema_version":1,"values":{"ami":"ami-09d3b3274b6c5d4aa","credit_specification":[],"get_password_data":false,"hibernation":null,"iam_instance_profile":null,"instance_type":"t2.micro","key_name":"acox-key","launch_template":[],"monitoring":true,"source_dest_check":true,"tags":{"Name":"acox-instance-a-1"},"tags_all":{"Name":"acox-instance-a-1"},"timeouts":null,"user_data":"305d6f72123b28826ac970760821a2d971646fb0","volume_tags":null},"sensitive_values":{"capacity_reservation_specification":[],"credit_specification":[],"ebs_block_device":[],"enclave_options":[],"ephemeral_block_device":[],"ipv6_addresses":[],"launch_template":[],"metadata_options":[],"network_interface":[],"root_block_device":[],"secondary_private_ips":[],"security_groups":[],"tags":{},"tags_all":{},"vpc_security_group_ids":[]}}],"address":"module.acox_instances_region_a[\"acox_a_1\"]"},{"resources":[{"address":"module.acox_instances_region_a[\"acox_a_2\"].aws_instance.acox_instance","mode":"managed","type":"aws_instance","name":"acox_instance","provider_name":"registry.terraform.io/hashicorp/aws","schema_version":1,"values":{"ami":"ami-09d3b3274b6c5d4aa","credit_specification":[],"get_password_data":false,"hibernation":null,"iam_instance_profile":null,"instance_type":"t2.micro","key_name":"acox-key","launch_template":[],"monitoring":true,"source_dest_check":true,"tags":{"Name":"acox-instance-a-2"},"tags_all":{"Name":"acox-instance-a-2"},"timeouts":null,"user_data":"305d6f72123b28826ac970760821a2d971646fb0","volume_tags":null},"sensitive_values":{"capacity_reservation_specification":[],"credit_specification":[],"ebs_block_device":[],"enclave_options":[],"ephemeral_block_device":[],"ipv6_addresses":[],"launch_template":[],"metadata_options":[],"network_interface":[],"root_block_device":[],"secondary_private_ips":[],"security_groups":[],"tags":{},"tags_all":{},"vpc_security_group_ids":[]}}],"address":"module.acox_instances_region_a[\"acox_a_2\"]"},{"resources":[{"address":"module.acox_instances_region_b[\"acox_b_1\"].aws_instance.acox_instance","mode":"managed","type":"aws_instance","name":"acox_instance","provider_name":"registry.terraform.io/hashicorp/aws","schema_version":1,"values":{"ami":"ami-09d3b3274b6c5d4aa","credit_specification":[],"get_password_data":false,"hibernation":null,"iam_instance_profile":null,"instance_type":"t2.micro","key_name":"acox-key","launch_template":[],"monitoring":true,"source_dest_check":true,"tags":{"Name":"acox-instance-b-1"},"tags_all":{"Name":"acox-instance-b-1"},"timeouts":null,"user_data":"305d6f72123b28826ac970760821a2d971646fb0","volume_tags":null},"sensitive_values":{"capacity_reservation_specification":[],"credit_specification":[],"ebs_block_device":[],"enclave_options":[],"ephemeral_block_device":[],"ipv6_addresses":[],"launch_template":[],"metadata_options":[],"network_interface":[],"root_block_device":[],"secondary_private_ips":[],"security_groups":[],"tags":{},"tags_all":{},"vpc_security_group_ids":[]}}],"address":"module.acox_instances_region_b[\"acox_b_1\"]"},{"resources":[{"address":"module.acox_instances_region_b[\"acox_b_2\"].aws_instance.acox_instance","mode":"managed","type":"aws_instance","name":"acox_instance","provider_name":"registry.terraform.io/hashicorp/aws","schema_version":1,"values":{"ami":"ami-09d3b3274b6c5d4aa","credit_specification":[],"get_password_data":false,"hibernation":null,"iam_instance_profile":null,"instance_type":"t2.micro","key_name":"acox-key","launch_template":[],"monitoring":true,"source_dest_check":true,"tags":{"Name":"acox-instance-b-2"},"tags_all":{"Name":"acox-instance-b-2"},"timeouts":null,"user_data":"305d6f72123b28826ac970760821a2d971646fb0","volume_tags":null},"sensitive_values":{"capacity_reservation_specification":[],"credit_specification":[],"ebs_block_device":[],"enclave_options":[],"ephemeral_block_device":[],"ipv6_addresses":[],"launch_template":[],"metadata_options":[],"network_interface":[],"root_block_device":[],"secondary_private_ips":[],"security_groups":[],"tags":{},"tags_all":{},"vpc_security_group_ids":[]}}],"address":"module.acox_instances_region_b[\"acox_b_2\"]"},{"resources":[{"address":"module.acox_network.aws_internet_gateway.acox_internet_gateway","mode":"managed","type":"aws_internet_gateway","name":"acox_internet_gateway","provider_name":"registry.terraform.io/hashicorp/aws","schema_version":0,"values":{"tags":{"Name":"main"},"tags_all":{"Name":"main"}},"sensitive_values":{"tags":{},"tags_all":{}}},{"address":"module.acox_network.aws_route_table.acox_aws_route_table","mode":"managed","type":"aws_route_table","name":"acox_aws_route_table","provider_name":"registry.terraform.io/hashicorp/aws","schema_version":0,"values":{"route":[{"carrier_gateway_id":"","cidr_block":"0.0.0.0/0","destination_prefix_list_id":"","egress_only_gateway_id":"","instance_id":"","ipv6_cidr_block":"","local_gateway_id":"","nat_gateway_id":"","network_interface_id":"","transit_gateway_id":"","vpc_endpoint_id":"","vpc_peering_connection_id":""}],"tags":{"Name":"Public Subnet Route Table."},"tags_all":{"Name":"Public Subnet Route Table."},"timeouts":null},"sensitive_values":{"propagating_vgws":[],"route":[{}],"tags":{},"tags_all":{}}},{"address":"module.acox_network.aws_route_table_association.my_vpc_us_east_1a_public","mode":"managed","type":"aws_route_table_association","name":"my_vpc_us_east_1a_public","provider_name":"registry.terraform.io/hashicorp/aws","schema_version":0,"values":{"gateway_id":null},"sensitive_values":{}},{"address":"module.acox_network.aws_route_table_association.my_vpc_us_east_1b_public","mode":"managed","type":"aws_route_table_association","name":"my_vpc_us_east_1b_public","provider_name":"registry.terraform.io/hashicorp/aws","schema_version":0,"values":{"gateway_id":null},"sensitive_values":{}},{"address":"module.acox_network.aws_security_group.acox_alb_sg","mode":"managed","type":"aws_security_group","name":"acox_alb_sg","provider_name":"registry.terraform.io/hashicorp/aws","schema_version":1,"values":{"description":"Allow HTTP traffic","egress":[{"cidr_blocks":["0.0.0.0/0"],"description":"Internet Access","from_port":0,"ipv6_cidr_blocks":["::/0"],"prefix_list_ids":[],"protocol":"-1","security_groups":[],"self":false,"to_port":0}],"ingress":[{"cidr_blocks":["0.0.0.0/0"],"description":"HTTP connection","from_port":80,"ipv6_cidr_blocks":[],"prefix_list_ids":[],"protocol":"tcp","security_groups":[],"self":false,"to_port":80}],"name":"acox-alb-http","revoke_rules_on_delete":false,"tags":{"Name":"allow-http"},"tags_all":{"Name":"allow-http"},"timeouts":null},"sensitive_values":{"egress":[{"cidr_blocks":[false],"ipv6_cidr_blocks":[false],"prefix_list_ids":[],"security_groups":[]}],"ingress":[{"cidr_blocks":[false],"ipv6_cidr_blocks":[],"prefix_list_ids":[],"security_groups":[]}],"tags":{},"tags_all":{}}},{"address":"module.acox_network.aws_security_group.acox_ec2_sg","mode":"managed","type":"aws_security_group","name":"acox_ec2_sg","provider_name":"registry.terraform.io/hashicorp/aws","schema_version":1,"values":{"description":"Allow SSH and HTTP traffic","egress":[{"cidr_blocks":["0.0.0.0/0"],"description":"Internet Access","from_port":0,"ipv6_cidr_blocks":["::/0"],"prefix_list_ids":[],"protocol":"-1","security_groups":[],"self":false,"to_port":0}],"ingress":[{"cidr_blocks":["0.0.0.0/0"],"description":"SSH connection","from_port":22,"ipv6_cidr_blocks":[],"prefix_list_ids":[],"protocol":"tcp","security_groups":[],"self":false,"to_port":22},{"cidr_blocks":[],"description":"HTTP connection for Load Balancer","from_port":80,"ipv6_cidr_blocks":[],"prefix_list_ids":[],"protocol":"tcp","self":false,"to_port":80}],"name":"acox-ssh-http","revoke_rules_on_delete":false,"tags":{"Name":"allow-ssh-http"},"tags_all":{"Name":"allow-ssh-http"},"timeouts":null},"sensitive_values":{"egress":[{"cidr_blocks":[false],"ipv6_cidr_blocks":[false],"prefix_list_ids":[],"security_groups":[]}],"ingress":[{"cidr_blocks":[false],"ipv6_cidr_blocks":[],"prefix_list_ids":[],"security_groups":[]},{"cidr_blocks":[],"ipv6_cidr_blocks":[],"prefix_list_ids":[],"security_groups":[]}],"tags":{},"tags_all":{}}},{"address":"module.acox_network.aws_subnet.subnet_a","mode":"managed","type":"aws_subnet","name":"subnet_a","provider_name":"registry.terraform.io/hashicorp/aws","schema_version":1,"values":{"assign_ipv6_address_on_creation":false,"availability_zone":"us-east-1a","cidr_block":"10.0.1.0/24","customer_owned_ipv4_pool":null,"enable_dns64":false,"enable_resource_name_dns_a_record_on_launch":false,"enable_resource_name_dns_aaaa_record_on_launch":false,"ipv6_cidr_block":null,"ipv6_native":false,"map_customer_owned_ip_on_launch":null,"map_public_ip_on_launch":true,"outpost_arn":null,"tags":{"Name":"acox-subnet-a"},"tags_all":{"Name":"acox-subnet-a"},"timeouts":null},"sensitive_values":{"tags":{},"tags_all":{}}},{"address":"module.acox_network.aws_subnet.subnet_b","mode":"managed","type":"aws_subnet","name":"subnet_b","provider_name":"registry.terraform.io/hashicorp/aws","schema_version":1,"values":{"assign_ipv6_address_on_creation":false,"availability_zone":"us-east-1b","cidr_block":"10.0.2.0/24","customer_owned_ipv4_pool":null,"enable_dns64":false,"enable_resource_name_dns_a_record_on_launch":false,"enable_resource_name_dns_aaaa_record_on_launch":false,"ipv6_cidr_block":null,"ipv6_native":false,"map_customer_owned_ip_on_launch":null,"map_public_ip_on_launch":true,"outpost_arn":null,"tags":{"Name":"acox-subnet-b"},"tags_all":{"Name":"acox-subnet-b"},"timeouts":null},"sensitive_values":{"tags":{},"tags_all":{}}},{"address":"module.acox_network.aws_subnet.subnet_c","mode":"managed","type":"aws_subnet","name":"subnet_c","provider_name":"registry.terraform.io/hashicorp/aws","schema_version":1,"values":{"assign_ipv6_address_on_creation":false,"availability_zone":"us-east-1c","cidr_block":"10.0.3.0/24","customer_owned_ipv4_pool":null,"enable_dns64":false,"enable_resource_name_dns_a_record_on_launch":false,"enable_resource_name_dns_aaaa_record_on_launch":false,"ipv6_cidr_block":null,"ipv6_native":false,"map_customer_owned_ip_on_launch":null,"map_public_ip_on_launch":false,"outpost_arn":null,"tags":{"Name":"acox-subnet-c"},"tags_all":{"Name":"acox-subnet-c"},"timeouts":null},"sensitive_values":{"tags":{},"tags_all":{}}},{"address":"module.acox_network.aws_vpc.main","mode":"managed","type":"aws_vpc","name":"main","provider_name":"registry.terraform.io/hashicorp/aws","schema_version":1,"values":{"assign_generated_ipv6_cidr_block":null,"cidr_block":"10.0.0.0/16","enable_dns_hostnames":true,"enable_dns_support":true,"instance_tenancy":"default","ipv4_ipam_pool_id":null,"ipv4_netmask_length":null,"ipv6_ipam_pool_id":null,"ipv6_netmask_length":null,"tags":{"Name":"main"},"tags_all":{"Name":"main"}},"sensitive_values":{"tags":{},"tags_all":{}}}],"address":"module.acox_network"},{"resources":[{"address":"module.acox_tg_1[\"acox_a_1\"].aws_lb_listener_rule.static","mode":"managed","type":"aws_lb_listener_rule","name":"static","provider_name":"registry.terraform.io/hashicorp/aws","schema_version":0,"values":{"action":[{"authenticate_cognito":[],"authenticate_oidc":[],"fixed_response":[],"forward":[],"redirect":[],"type":"forward"}],"condition":[{"host_header":[],"http_header":[],"http_request_method":[],"path_pattern":[{"values":["/tg1"]}],"query_string":[],"source_ip":[]}],"tags":null},"sensitive_values":{"action":[{"authenticate_cognito":[],"authenticate_oidc":[],"fixed_response":[],"forward":[],"redirect":[]}],"condition":[{"host_header":[],"http_header":[],"http_request_method":[],"path_pattern":[{"values":[false]}],"query_string":[],"source_ip":[]}],"tags_all":{}}},{"address":"module.acox_tg_1[\"acox_a_1\"].aws_lb_target_group.acox_tg","mode":"managed","type":"aws_lb_target_group","name":"acox_tg","provider_name":"registry.terraform.io/hashicorp/aws","schema_version":0,"values":{"connection_termination":false,"deregistration_delay":"300","health_check":[{"enabled":true,"healthy_threshold":3,"interval":5,"path":"/","port":"traffic-port","protocol":"HTTP","timeout":4,"unhealthy_threshold":2}],"lambda_multi_value_headers_enabled":false,"name":"acox-tg-a","name_prefix":null,"port":80,"protocol":"HTTP","proxy_protocol_v2":false,"slow_start":0,"tags":null,"target_type":"instance"},"sensitive_values":{"health_check":[{}],"stickiness":[],"tags_all":{}}},{"address":"module.acox_tg_1[\"acox_a_1\"].aws_lb_target_group_attachment.test","mode":"managed","type":"aws_lb_target_group_attachment","name":"test","provider_name":"registry.terraform.io/hashicorp/aws","schema_version":0,"values":{"availability_zone":null,"port":80},"sensitive_values":{}}],"address":"module.acox_tg_1[\"acox_a_1\"]"},{"resources":[{"address":"module.acox_tg_1[\"acox_a_2\"].aws_lb_listener_rule.static","mode":"managed","type":"aws_lb_listener_rule","name":"static","provider_name":"registry.terraform.io/hashicorp/aws","schema_version":0,"values":{"action":[{"authenticate_cognito":[],"authenticate_oidc":[],"fixed_response":[],"forward":[],"redirect":[],"type":"forward"}],"condition":[{"host_header":[],"http_header":[],"http_request_method":[],"path_pattern":[{"values":["/tg1"]}],"query_string":[],"source_ip":[]}],"tags":null},"sensitive_values":{"action":[{"authenticate_cognito":[],"authenticate_oidc":[],"fixed_response":[],"forward":[],"redirect":[]}],"condition":[{"host_header":[],"http_header":[],"http_request_method":[],"path_pattern":[{"values":[false]}],"query_string":[],"source_ip":[]}],"tags_all":{}}},{"address":"module.acox_tg_1[\"acox_a_2\"].aws_lb_target_group.acox_tg","mode":"managed","type":"aws_lb_target_group","name":"acox_tg","provider_name":"registry.terraform.io/hashicorp/aws","schema_version":0,"values":{"connection_termination":false,"deregistration_delay":"300","health_check":[{"enabled":true,"healthy_threshold":3,"interval":5,"path":"/","port":"traffic-port","protocol":"HTTP","timeout":4,"unhealthy_threshold":2}],"lambda_multi_value_headers_enabled":false,"name":"acox-tg-a","name_prefix":null,"port":80,"protocol":"HTTP","proxy_protocol_v2":false,"slow_start":0,"tags":null,"target_type":"instance"},"sensitive_values":{"health_check":[{}],"stickiness":[],"tags_all":{}}},{"address":"module.acox_tg_1[\"acox_a_2\"].aws_lb_target_group_attachment.test","mode":"managed","type":"aws_lb_target_group_attachment","name":"test","provider_name":"registry.terraform.io/hashicorp/aws","schema_version":0,"values":{"availability_zone":null,"port":80},"sensitive_values":{}}],"address":"module.acox_tg_1[\"acox_a_2\"]"},{"resources":[{"address":"module.acox_tg_2[\"acox_b_1\"].aws_lb_listener_rule.static","mode":"managed","type":"aws_lb_listener_rule","name":"static","provider_name":"registry.terraform.io/hashicorp/aws","schema_version":0,"values":{"action":[{"authenticate_cognito":[],"authenticate_oidc":[],"fixed_response":[],"forward":[],"redirect":[],"type":"forward"}],"condition":[{"host_header":[],"http_header":[],"http_request_method":[],"path_pattern":[{"values":["/tg2"]}],"query_string":[],"source_ip":[]}],"tags":null},"sensitive_values":{"action":[{"authenticate_cognito":[],"authenticate_oidc":[],"fixed_response":[],"forward":[],"redirect":[]}],"condition":[{"host_header":[],"http_header":[],"http_request_method":[],"path_pattern":[{"values":[false]}],"query_string":[],"source_ip":[]}],"tags_all":{}}},{"address":"module.acox_tg_2[\"acox_b_1\"].aws_lb_target_group.acox_tg","mode":"managed","type":"aws_lb_target_group","name":"acox_tg","provider_name":"registry.terraform.io/hashicorp/aws","schema_version":0,"values":{"connection_termination":false,"deregistration_delay":"300","health_check":[{"enabled":true,"healthy_threshold":3,"interval":5,"path":"/","port":"traffic-port","protocol":"HTTP","timeout":4,"unhealthy_threshold":2}],"lambda_multi_value_headers_enabled":false,"name":"acox-tg-b","name_prefix":null,"port":80,"protocol":"HTTP","proxy_protocol_v2":false,"slow_start":0,"tags":null,"target_type":"instance"},"sensitive_values":{"health_check":[{}],"stickiness":[],"tags_all":{}}},{"address":"module.acox_tg_2[\"acox_b_1\"].aws_lb_target_group_attachment.test","mode":"managed","type":"aws_lb_target_group_attachment","name":"test","provider_name":"registry.terraform.io/hashicorp/aws","schema_version":0,"values":{"availability_zone":null,"port":80},"sensitive_values":{}}],"address":"module.acox_tg_2[\"acox_b_1\"]"},{"resources":[{"address":"module.acox_tg_2[\"acox_b_2\"].aws_lb_listener_rule.static","mode":"managed","type":"aws_lb_listener_rule","name":"static","provider_name":"registry.terraform.io/hashicorp/aws","schema_version":0,"values":{"action":[{"authenticate_cognito":[],"authenticate_oidc":[],"fixed_response":[],"forward":[],"redirect":[],"type":"forward"}],"condition":[{"host_header":[],"http_header":[],"http_request_method":[],"path_pattern":[{"values":["/tg2"]}],"query_string":[],"source_ip":[]}],"tags":null},"sensitive_values":{"action":[{"authenticate_cognito":[],"authenticate_oidc":[],"fixed_response":[],"forward":[],"redirect":[]}],"condition":[{"host_header":[],"http_header":[],"http_request_method":[],"path_pattern":[{"values":[false]}],"query_string":[],"source_ip":[]}],"tags_all":{}}},{"address":"module.acox_tg_2[\"acox_b_2\"].aws_lb_target_group.acox_tg","mode":"managed","type":"aws_lb_target_group","name":"acox_tg","provider_name":"registry.terraform.io/hashicorp/aws","schema_version":0,"values":{"connection_termination":false,"deregistration_delay":"300","health_check":[{"enabled":true,"healthy_threshold":3,"interval":5,"path":"/","port":"traffic-port","protocol":"HTTP","timeout":4,"unhealthy_threshold":2}],"lambda_multi_value_headers_enabled":false,"name":"acox-tg-b","name_prefix":null,"port":80,"protocol":"HTTP","proxy_protocol_v2":false,"slow_start":0,"tags":null,"target_type":"instance"},"sensitive_values":{"health_check":[{}],"stickiness":[],"tags_all":{}}},{"address":"module.acox_tg_2[\"acox_b_2\"].aws_lb_target_group_attachment.test","mode":"managed","type":"aws_lb_target_group_attachment","name":"test","provider_name":"registry.terraform.io/hashicorp/aws","schema_version":0,"values":{"availability_zone":null,"port":80},"sensitive_values":{}}],"address":"module.acox_tg_2[\"acox_b_2\"]"}]}},"resource_changes":[{"address":"module.acox_alb.aws_lb.acox_alb","module_address":"module.acox_alb","mode":"managed","type":"aws_lb","name":"acox_alb","provider_name":"registry.terraform.io/hashicorp/aws","change":{"actions":["create"],"before":null,"after":{"access_logs":[],"customer_owned_ipv4_pool":null,"desync_mitigation_mode":"defensive","drop_invalid_header_fields":false,"enable_cross_zone_load_balancing":null,"enable_deletion_protection":false,"enable_http2":true,"enable_waf_fail_open":false,"idle_timeout":60,"internal":false,"load_balancer_type":"application","name":"test-lb-tf","name_prefix":null,"tags":{"Environment":"acox-alb"},"tags_all":{"Environment":"acox-alb"},"timeouts":null},"after_unknown":{"access_logs":[],"arn":true,"arn_suffix":true,"dns_name":true,"id":true,"ip_address_type":true,"security_groups":true,"subnet_mapping":true,"subnets":true,"tags":{},"tags_all":{},"vpc_id":true,"zone_id":true},"before_sensitive":false,"after_sensitive":{"access_logs":[],"security_groups":[],"subnet_mapping":[],"subnets":[],"tags":{},"tags_all":{}}}},{"address":"module.acox_alb.aws_lb_listener.acox_alb_listener","module_address":"module.acox_alb","mode":"managed","type":"aws_lb_listener","name":"acox_alb_listener","provider_name":"registry.terraform.io/hashicorp/aws","change":{"actions":["create"],"before":null,"after":{"alpn_policy":null,"certificate_arn":null,"default_action":[{"authenticate_cognito":[],"authenticate_oidc":[],"fixed_response":[{"content_type":"text/plain","message_body":"Fixed response content","status_code":"200"}],"forward":[],"redirect":[],"target_group_arn":null,"type":"fixed-response"}],"port":80,"protocol":"HTTP","tags":null,"timeouts":null},"after_unknown":{"arn":true,"default_action":[{"authenticate_cognito":[],"authenticate_oidc":[],"fixed_response":[{}],"forward":[],"order":true,"redirect":[]}],"id":true,"load_balancer_arn":true,"ssl_policy":true,"tags_all":true},"before_sensitive":false,"after_sensitive":{"default_action":[{"authenticate_cognito":[],"authenticate_oidc":[],"fixed_response":[{}],"forward":[],"redirect":[]}],"tags_all":{}}}},{"address":"module.acox_instances_region_a[\"acox_a_1\"].aws_instance.acox_instance","module_address":"module.acox_instances_region_a[\"acox_a_1\"]","mode":"managed","type":"aws_instance","name":"acox_instance","provider_name":"registry.terraform.io/hashicorp/aws","change":{"actions":["create"],"before":null,"after":{"ami":"ami-09d3b3274b6c5d4aa","credit_specification":[],"get_password_data":false,"hibernation":null,"iam_instance_profile":null,"instance_type":"t2.micro","key_name":"acox-key","launch_template":[],"monitoring":true,"source_dest_check":true,"tags":{"Name":"acox-instance-a-1"},"tags_all":{"Name":"acox-instance-a-1"},"timeouts":null,"user_data":"305d6f72123b28826ac970760821a2d971646fb0","volume_tags":null},"after_unknown":{"arn":true,"associate_public_ip_address":true,"availability_zone":true,"capacity_reservation_specification":true,"cpu_core_count":true,"cpu_threads_per_core":true,"credit_specification":[],"disable_api_termination":true,"ebs_block_device":true,"ebs_optimized":true,"enclave_options":true,"ephemeral_block_device":true,"host_id":true,"id":true,"instance_initiated_shutdown_behavior":true,"instance_state":true,"ipv6_address_count":true,"ipv6_addresses":true,"launch_template":[],"metadata_options":true,"network_interface":true,"outpost_arn":true,"password_data":true,"placement_group":true,"placement_partition_number":true,"primary_network_interface_id":true,"private_dns":true,"private_ip":true,"public_dns":true,"public_ip":true,"root_block_device":true,"secondary_private_ips":true,"security_groups":true,"subnet_id":true,"tags":{},"tags_all":{},"tenancy":true,"user_data_base64":true,"vpc_security_group_ids":true},"before_sensitive":false,"after_sensitive":{"capacity_reservation_specification":[],"credit_specification":[],"ebs_block_device":[],"enclave_options":[],"ephemeral_block_device":[],"ipv6_addresses":[],"launch_template":[],"metadata_options":[],"network_interface":[],"root_block_device":[],"secondary_private_ips":[],"security_groups":[],"tags":{},"tags_all":{},"vpc_security_group_ids":[]}}},{"address":"module.acox_instances_region_a[\"acox_a_2\"].aws_instance.acox_instance","module_address":"module.acox_instances_region_a[\"acox_a_2\"]","mode":"managed","type":"aws_instance","name":"acox_instance","provider_name":"registry.terraform.io/hashicorp/aws","change":{"actions":["create"],"before":null,"after":{"ami":"ami-09d3b3274b6c5d4aa","credit_specification":[],"get_password_data":false,"hibernation":null,"iam_instance_profile":null,"instance_type":"t2.micro","key_name":"acox-key","launch_template":[],"monitoring":true,"source_dest_check":true,"tags":{"Name":"acox-instance-a-2"},"tags_all":{"Name":"acox-instance-a-2"},"timeouts":null,"user_data":"305d6f72123b28826ac970760821a2d971646fb0","volume_tags":null},"after_unknown":{"arn":true,"associate_public_ip_address":true,"availability_zone":true,"capacity_reservation_specification":true,"cpu_core_count":true,"cpu_threads_per_core":true,"credit_specification":[],"disable_api_termination":true,"ebs_block_device":true,"ebs_optimized":true,"enclave_options":true,"ephemeral_block_device":true,"host_id":true,"id":true,"instance_initiated_shutdown_behavior":true,"instance_state":true,"ipv6_address_count":true,"ipv6_addresses":true,"launch_template":[],"metadata_options":true,"network_interface":true,"outpost_arn":true,"password_data":true,"placement_group":true,"placement_partition_number":true,"primary_network_interface_id":true,"private_dns":true,"private_ip":true,"public_dns":true,"public_ip":true,"root_block_device":true,"secondary_private_ips":true,"security_groups":true,"subnet_id":true,"tags":{},"tags_all":{},"tenancy":true,"user_data_base64":true,"vpc_security_group_ids":true},"before_sensitive":false,"after_sensitive":{"capacity_reservation_specification":[],"credit_specification":[],"ebs_block_device":[],"enclave_options":[],"ephemeral_block_device":[],"ipv6_addresses":[],"launch_template":[],"metadata_options":[],"network_interface":[],"root_block_device":[],"secondary_private_ips":[],"security_groups":[],"tags":{},"tags_all":{},"vpc_security_group_ids":[]}}},{"address":"module.acox_instances_region_b[\"acox_b_1\"].aws_instance.acox_instance","module_address":"module.acox_instances_region_b[\"acox_b_1\"]","mode":"managed","type":"aws_instance","name":"acox_instance","provider_name":"registry.terraform.io/hashicorp/aws","change":{"actions":["create"],"before":null,"after":{"ami":"ami-09d3b3274b6c5d4aa","credit_specification":[],"get_password_data":false,"hibernation":null,"iam_instance_profile":null,"instance_type":"t2.micro","key_name":"acox-key","launch_template":[],"monitoring":true,"source_dest_check":true,"tags":{"Name":"acox-instance-b-1"},"tags_all":{"Name":"acox-instance-b-1"},"timeouts":null,"user_data":"305d6f72123b28826ac970760821a2d971646fb0","volume_tags":null},"after_unknown":{"arn":true,"associate_public_ip_address":true,"availability_zone":true,"capacity_reservation_specification":true,"cpu_core_count":true,"cpu_threads_per_core":true,"credit_specification":[],"disable_api_termination":true,"ebs_block_device":true,"ebs_optimized":true,"enclave_options":true,"ephemeral_block_device":true,"host_id":true,"id":true,"instance_initiated_shutdown_behavior":true,"instance_state":true,"ipv6_address_count":true,"ipv6_addresses":true,"launch_template":[],"metadata_options":true,"network_interface":true,"outpost_arn":true,"password_data":true,"placement_group":true,"placement_partition_number":true,"primary_network_interface_id":true,"private_dns":true,"private_ip":true,"public_dns":true,"public_ip":true,"root_block_device":true,"secondary_private_ips":true,"security_groups":true,"subnet_id":true,"tags":{},"tags_all":{},"tenancy":true,"user_data_base64":true,"vpc_security_group_ids":true},"before_sensitive":false,"after_sensitive":{"capacity_reservation_specification":[],"credit_specification":[],"ebs_block_device":[],"enclave_options":[],"ephemeral_block_device":[],"ipv6_addresses":[],"launch_template":[],"metadata_options":[],"network_interface":[],"root_block_device":[],"secondary_private_ips":[],"security_groups":[],"tags":{},"tags_all":{},"vpc_security_group_ids":[]}}},{"address":"module.acox_instances_region_b[\"acox_b_2\"].aws_instance.acox_instance","module_address":"module.acox_instances_region_b[\"acox_b_2\"]","mode":"managed","type":"aws_instance","name":"acox_instance","provider_name":"registry.terraform.io/hashicorp/aws","change":{"actions":["create"],"before":null,"after":{"ami":"ami-09d3b3274b6c5d4aa","credit_specification":[],"get_password_data":false,"hibernation":null,"iam_instance_profile":null,"instance_type":"t2.micro","key_name":"acox-key","launch_template":[],"monitoring":true,"source_dest_check":true,"tags":{"Name":"acox-instance-b-2"},"tags_all":{"Name":"acox-instance-b-2"},"timeouts":null,"user_data":"305d6f72123b28826ac970760821a2d971646fb0","volume_tags":null},"after_unknown":{"arn":true,"associate_public_ip_address":true,"availability_zone":true,"capacity_reservation_specification":true,"cpu_core_count":true,"cpu_threads_per_core":true,"credit_specification":[],"disable_api_termination":true,"ebs_block_device":true,"ebs_optimized":true,"enclave_options":true,"ephemeral_block_device":true,"host_id":true,"id":true,"instance_initiated_shutdown_behavior":true,"instance_state":true,"ipv6_address_count":true,"ipv6_addresses":true,"launch_template":[],"metadata_options":true,"network_interface":true,"outpost_arn":true,"password_data":true,"placement_group":true,"placement_partition_number":true,"primary_network_interface_id":true,"private_dns":true,"private_ip":true,"public_dns":true,"public_ip":true,"root_block_device":true,"secondary_private_ips":true,"security_groups":true,"subnet_id":true,"tags":{},"tags_all":{},"tenancy":true,"user_data_base64":true,"vpc_security_group_ids":true},"before_sensitive":false,"after_sensitive":{"capacity_reservation_specification":[],"credit_specification":[],"ebs_block_device":[],"enclave_options":[],"ephemeral_block_device":[],"ipv6_addresses":[],"launch_template":[],"metadata_options":[],"network_interface":[],"root_block_device":[],"secondary_private_ips":[],"security_groups":[],"tags":{},"tags_all":{},"vpc_security_group_ids":[]}}},{"address":"module.acox_network.aws_internet_gateway.acox_internet_gateway","module_address":"module.acox_network","mode":"managed","type":"aws_internet_gateway","name":"acox_internet_gateway","provider_name":"registry.terraform.io/hashicorp/aws","change":{"actions":["create"],"before":null,"after":{"tags":{"Name":"main"},"tags_all":{"Name":"main"}},"after_unknown":{"arn":true,"id":true,"owner_id":true,"tags":{},"tags_all":{},"vpc_id":true},"before_sensitive":false,"after_sensitive":{"tags":{},"tags_all":{}}}},{"address":"module.acox_network.aws_route_table.acox_aws_route_table","module_address":"module.acox_network","mode":"managed","type":"aws_route_table","name":"acox_aws_route_table","provider_name":"registry.terraform.io/hashicorp/aws","change":{"actions":["create"],"before":null,"after":{"route":[{"carrier_gateway_id":"","cidr_block":"0.0.0.0/0","destination_prefix_list_id":"","egress_only_gateway_id":"","instance_id":"","ipv6_cidr_block":"","local_gateway_id":"","nat_gateway_id":"","network_interface_id":"","transit_gateway_id":"","vpc_endpoint_id":"","vpc_peering_connection_id":""}],"tags":{"Name":"Public Subnet Route Table."},"tags_all":{"Name":"Public Subnet Route Table."},"timeouts":null},"after_unknown":{"arn":true,"id":true,"owner_id":true,"propagating_vgws":true,"route":[{"gateway_id":true}],"tags":{},"tags_all":{},"vpc_id":true},"before_sensitive":false,"after_sensitive":{"propagating_vgws":[],"route":[{}],"tags":{},"tags_all":{}}}},{"address":"module.acox_network.aws_route_table_association.my_vpc_us_east_1a_public","module_address":"module.acox_network","mode":"managed","type":"aws_route_table_association","name":"my_vpc_us_east_1a_public","provider_name":"registry.terraform.io/hashicorp/aws","change":{"actions":["create"],"before":null,"after":{"gateway_id":null},"after_unknown":{"id":true,"route_table_id":true,"subnet_id":true},"before_sensitive":false,"after_sensitive":{}}},{"address":"module.acox_network.aws_route_table_association.my_vpc_us_east_1b_public","module_address":"module.acox_network","mode":"managed","type":"aws_route_table_association","name":"my_vpc_us_east_1b_public","provider_name":"registry.terraform.io/hashicorp/aws","change":{"actions":["create"],"before":null,"after":{"gateway_id":null},"after_unknown":{"id":true,"route_table_id":true,"subnet_id":true},"before_sensitive":false,"after_sensitive":{}}},{"address":"module.acox_network.aws_security_group.acox_alb_sg","module_address":"module.acox_network","mode":"managed","type":"aws_security_group","name":"acox_alb_sg","provider_name":"registry.terraform.io/hashicorp/aws","change":{"actions":["create"],"before":null,"after":{"description":"Allow HTTP traffic","egress":[{"cidr_blocks":["0.0.0.0/0"],"description":"Internet Access","from_port":0,"ipv6_cidr_blocks":["::/0"],"prefix_list_ids":[],"protocol":"-1","security_groups":[],"self":false,"to_port":0}],"ingress":[{"cidr_blocks":["0.0.0.0/0"],"description":"HTTP connection","from_port":80,"ipv6_cidr_blocks":[],"prefix_list_ids":[],"protocol":"tcp","security_groups":[],"self":false,"to_port":80}],"name":"acox-alb-http","revoke_rules_on_delete":false,"tags":{"Name":"allow-http"},"tags_all":{"Name":"allow-http"},"timeouts":null},"after_unknown":{"arn":true,"egress":[{"cidr_blocks":[false],"ipv6_cidr_blocks":[false],"prefix_list_ids":[],"security_groups":[]}],"id":true,"ingress":[{"cidr_blocks":[false],"ipv6_cidr_blocks":[],"prefix_list_ids":[],"security_groups":[]}],"name_prefix":true,"owner_id":true,"tags":{},"tags_all":{},"vpc_id":true},"before_sensitive":false,"after_sensitive":{"egress":[{"cidr_blocks":[false],"ipv6_cidr_blocks":[false],"prefix_list_ids":[],"security_groups":[]}],"ingress":[{"cidr_blocks":[false],"ipv6_cidr_blocks":[],"prefix_list_ids":[],"security_groups":[]}],"tags":{},"tags_all":{}}}},{"address":"module.acox_network.aws_security_group.acox_ec2_sg","module_address":"module.acox_network","mode":"managed","type":"aws_security_group","name":"acox_ec2_sg","provider_name":"registry.terraform.io/hashicorp/aws","change":{"actions":["create"],"before":null,"after":{"description":"Allow SSH and HTTP traffic","egress":[{"cidr_blocks":["0.0.0.0/0"],"description":"Internet Access","from_port":0,"ipv6_cidr_blocks":["::/0"],"prefix_list_ids":[],"protocol":"-1","security_groups":[],"self":false,"to_port":0}],"ingress":[{"cidr_blocks":["0.0.0.0/0"],"description":"SSH connection","from_port":22,"ipv6_cidr_blocks":[],"prefix_list_ids":[],"protocol":"tcp","security_groups":[],"self":false,"to_port":22},{"cidr_blocks":[],"description":"HTTP connection for Load Balancer","from_port":80,"ipv6_cidr_blocks":[],"prefix_list_ids":[],"protocol":"tcp","self":false,"to_port":80}],"name":"acox-ssh-http","revoke_rules_on_delete":false,"tags":{"Name":"allow-ssh-http"},"tags_all":{"Name":"allow-ssh-http"},"timeouts":null},"after_unknown":{"arn":true,"egress":[{"cidr_blocks":[false],"ipv6_cidr_blocks":[false],"prefix_list_ids":[],"security_groups":[]}],"id":true,"ingress":[{"cidr_blocks":[false],"ipv6_cidr_blocks":[],"prefix_list_ids":[],"security_groups":[]},{"cidr_blocks":[],"ipv6_cidr_blocks":[],"prefix_list_ids":[],"security_groups":true}],"name_prefix":true,"owner_id":true,"tags":{},"tags_all":{},"vpc_id":true},"before_sensitive":false,"after_sensitive":{"egress":[{"cidr_blocks":[false],"ipv6_cidr_blocks":[false],"prefix_list_ids":[],"security_groups":[]}],"ingress":[{"cidr_blocks":[false],"ipv6_cidr_blocks":[],"prefix_list_ids":[],"security_groups":[]},{"cidr_blocks":[],"ipv6_cidr_blocks":[],"prefix_list_ids":[],"security_groups":[]}],"tags":{},"tags_all":{}}}},{"address":"module.acox_network.aws_subnet.subnet_a","module_address":"module.acox_network","mode":"managed","type":"aws_subnet","name":"subnet_a","provider_name":"registry.terraform.io/hashicorp/aws","change":{"actions":["create"],"before":null,"after":{"assign_ipv6_address_on_creation":false,"availability_zone":"us-east-1a","cidr_block":"10.0.1.0/24","customer_owned_ipv4_pool":null,"enable_dns64":false,"enable_resource_name_dns_a_record_on_launch":false,"enable_resource_name_dns_aaaa_record_on_launch":false,"ipv6_cidr_block":null,"ipv6_native":false,"map_customer_owned_ip_on_launch":null,"map_public_ip_on_launch":true,"outpost_arn":null,"tags":{"Name":"acox-subnet-a"},"tags_all":{"Name":"acox-subnet-a"},"timeouts":null},"after_unknown":{"arn":true,"availability_zone_id":true,"id":true,"ipv6_cidr_block_association_id":true,"owner_id":true,"private_dns_hostname_type_on_launch":true,"tags":{},"tags_all":{},"vpc_id":true},"before_sensitive":false,"after_sensitive":{"tags":{},"tags_all":{}}}},{"address":"module.acox_network.aws_subnet.subnet_b","module_address":"module.acox_network","mode":"managed","type":"aws_subnet","name":"subnet_b","provider_name":"registry.terraform.io/hashicorp/aws","change":{"actions":["create"],"before":null,"after":{"assign_ipv6_address_on_creation":false,"availability_zone":"us-east-1b","cidr_block":"10.0.2.0/24","customer_owned_ipv4_pool":null,"enable_dns64":false,"enable_resource_name_dns_a_record_on_launch":false,"enable_resource_name_dns_aaaa_record_on_launch":false,"ipv6_cidr_block":null,"ipv6_native":false,"map_customer_owned_ip_on_launch":null,"map_public_ip_on_launch":true,"outpost_arn":null,"tags":{"Name":"acox-subnet-b"},"tags_all":{"Name":"acox-subnet-b"},"timeouts":null},"after_unknown":{"arn":true,"availability_zone_id":true,"id":true,"ipv6_cidr_block_association_id":true,"owner_id":true,"private_dns_hostname_type_on_launch":true,"tags":{},"tags_all":{},"vpc_id":true},"before_sensitive":false,"after_sensitive":{"tags":{},"tags_all":{}}}},{"address":"module.acox_network.aws_subnet.subnet_c","module_address":"module.acox_network","mode":"managed","type":"aws_subnet","name":"subnet_c","provider_name":"registry.terraform.io/hashicorp/aws","change":{"actions":["create"],"before":null,"after":{"assign_ipv6_address_on_creation":false,"availability_zone":"us-east-1c","cidr_block":"10.0.3.0/24","customer_owned_ipv4_pool":null,"enable_dns64":false,"enable_resource_name_dns_a_record_on_launch":false,"enable_resource_name_dns_aaaa_record_on_launch":false,"ipv6_cidr_block":null,"ipv6_native":false,"map_customer_owned_ip_on_launch":null,"map_public_ip_on_launch":false,"outpost_arn":null,"tags":{"Name":"acox-subnet-c"},"tags_all":{"Name":"acox-subnet-c"},"timeouts":null},"after_unknown":{"arn":true,"availability_zone_id":true,"id":true,"ipv6_cidr_block_association_id":true,"owner_id":true,"private_dns_hostname_type_on_launch":true,"tags":{},"tags_all":{},"vpc_id":true},"before_sensitive":false,"after_sensitive":{"tags":{},"tags_all":{}}}},{"address":"module.acox_network.aws_vpc.main","module_address":"module.acox_network","mode":"managed","type":"aws_vpc","name":"main","provider_name":"registry.terraform.io/hashicorp/aws","change":{"actions":["create"],"before":null,"after":{"assign_generated_ipv6_cidr_block":null,"cidr_block":"10.0.0.0/16","enable_dns_hostnames":true,"enable_dns_support":true,"instance_tenancy":"default","ipv4_ipam_pool_id":null,"ipv4_netmask_length":null,"ipv6_ipam_pool_id":null,"ipv6_netmask_length":null,"tags":{"Name":"main"},"tags_all":{"Name":"main"}},"after_unknown":{"arn":true,"default_network_acl_id":true,"default_route_table_id":true,"default_security_group_id":true,"dhcp_options_id":true,"enable_classiclink":true,"enable_classiclink_dns_support":true,"id":true,"ipv6_association_id":true,"ipv6_cidr_block":true,"ipv6_cidr_block_network_border_group":true,"main_route_table_id":true,"owner_id":true,"tags":{},"tags_all":{}},"before_sensitive":false,"after_sensitive":{"tags":{},"tags_all":{}}}},{"address":"module.acox_tg_1[\"acox_a_1\"].aws_lb_listener_rule.static","module_address":"module.acox_tg_1[\"acox_a_1\"]","mode":"managed","type":"aws_lb_listener_rule","name":"static","provider_name":"registry.terraform.io/hashicorp/aws","change":{"actions":["create"],"before":null,"after":{"action":[{"authenticate_cognito":[],"authenticate_oidc":[],"fixed_response":[],"forward":[],"redirect":[],"type":"forward"}],"condition":[{"host_header":[],"http_header":[],"http_request_method":[],"path_pattern":[{"values":["/tg1"]}],"query_string":[],"source_ip":[]}],"tags":null},"after_unknown":{"action":[{"authenticate_cognito":[],"authenticate_oidc":[],"fixed_response":[],"forward":[],"order":true,"redirect":[],"target_group_arn":true}],"arn":true,"condition":[{"host_header":[],"http_header":[],"http_request_method":[],"path_pattern":[{"values":[false]}],"query_string":[],"source_ip":[]}],"id":true,"listener_arn":true,"priority":true,"tags_all":true},"before_sensitive":false,"after_sensitive":{"action":[{"authenticate_cognito":[],"authenticate_oidc":[],"fixed_response":[],"forward":[],"redirect":[]}],"condition":[{"host_header":[],"http_header":[],"http_request_method":[],"path_pattern":[{"values":[false]}],"query_string":[],"source_ip":[]}],"tags_all":{}}}},{"address":"module.acox_tg_1[\"acox_a_1\"].aws_lb_target_group.acox_tg","module_address":"module.acox_tg_1[\"acox_a_1\"]","mode":"managed","type":"aws_lb_target_group","name":"acox_tg","provider_name":"registry.terraform.io/hashicorp/aws","change":{"actions":["create"],"before":null,"after":{"connection_termination":false,"deregistration_delay":"300","health_check":[{"enabled":true,"healthy_threshold":3,"interval":5,"path":"/","port":"traffic-port","protocol":"HTTP","timeout":4,"unhealthy_threshold":2}],"lambda_multi_value_headers_enabled":false,"name":"acox-tg-a","name_prefix":null,"port":80,"protocol":"HTTP","proxy_protocol_v2":false,"slow_start":0,"tags":null,"target_type":"instance"},"after_unknown":{"arn":true,"arn_suffix":true,"health_check":[{"matcher":true}],"id":true,"load_balancing_algorithm_type":true,"preserve_client_ip":true,"protocol_version":true,"stickiness":true,"tags_all":true,"vpc_id":true},"before_sensitive":false,"after_sensitive":{"health_check":[{}],"stickiness":[],"tags_all":{}}}},{"address":"module.acox_tg_1[\"acox_a_1\"].aws_lb_target_group_attachment.test","module_address":"module.acox_tg_1[\"acox_a_1\"]","mode":"managed","type":"aws_lb_target_group_attachment","name":"test","provider_name":"registry.terraform.io/hashicorp/aws","change":{"actions":["create"],"before":null,"after":{"availability_zone":null,"port":80},"after_unknown":{"id":true,"target_group_arn":true,"target_id":true},"before_sensitive":false,"after_sensitive":{}}},{"address":"module.acox_tg_1[\"acox_a_2\"].aws_lb_listener_rule.static","module_address":"module.acox_tg_1[\"acox_a_2\"]","mode":"managed","type":"aws_lb_listener_rule","name":"static","provider_name":"registry.terraform.io/hashicorp/aws","change":{"actions":["create"],"before":null,"after":{"action":[{"authenticate_cognito":[],"authenticate_oidc":[],"fixed_response":[],"forward":[],"redirect":[],"type":"forward"}],"condition":[{"host_header":[],"http_header":[],"http_request_method":[],"path_pattern":[{"values":["/tg1"]}],"query_string":[],"source_ip":[]}],"tags":null},"after_unknown":{"action":[{"authenticate_cognito":[],"authenticate_oidc":[],"fixed_response":[],"forward":[],"order":true,"redirect":[],"target_group_arn":true}],"arn":true,"condition":[{"host_header":[],"http_header":[],"http_request_method":[],"path_pattern":[{"values":[false]}],"query_string":[],"source_ip":[]}],"id":true,"listener_arn":true,"priority":true,"tags_all":true},"before_sensitive":false,"after_sensitive":{"action":[{"authenticate_cognito":[],"authenticate_oidc":[],"fixed_response":[],"forward":[],"redirect":[]}],"condition":[{"host_header":[],"http_header":[],"http_request_method":[],"path_pattern":[{"values":[false]}],"query_string":[],"source_ip":[]}],"tags_all":{}}}},{"address":"module.acox_tg_1[\"acox_a_2\"].aws_lb_target_group.acox_tg","module_address":"module.acox_tg_1[\"acox_a_2\"]","mode":"managed","type":"aws_lb_target_group","name":"acox_tg","provider_name":"registry.terraform.io/hashicorp/aws","change":{"actions":["create"],"before":null,"after":{"connection_termination":false,"deregistration_delay":"300","health_check":[{"enabled":true,"healthy_threshold":3,"interval":5,"path":"/","port":"traffic-port","protocol":"HTTP","timeout":4,"unhealthy_threshold":2}],"lambda_multi_value_headers_enabled":false,"name":"acox-tg-a","name_prefix":null,"port":80,"protocol":"HTTP","proxy_protocol_v2":false,"slow_start":0,"tags":null,"target_type":"instance"},"after_unknown":{"arn":true,"arn_suffix":true,"health_check":[{"matcher":true}],"id":true,"load_balancing_algorithm_type":true,"preserve_client_ip":true,"protocol_version":true,"stickiness":true,"tags_all":true,"vpc_id":true},"before_sensitive":false,"after_sensitive":{"health_check":[{}],"stickiness":[],"tags_all":{}}}},{"address":"module.acox_tg_1[\"acox_a_2\"].aws_lb_target_group_attachment.test","module_address":"module.acox_tg_1[\"acox_a_2\"]","mode":"managed","type":"aws_lb_target_group_attachment","name":"test","provider_name":"registry.terraform.io/hashicorp/aws","change":{"actions":["create"],"before":null,"after":{"availability_zone":null,"port":80},"after_unknown":{"id":true,"target_group_arn":true,"target_id":true},"before_sensitive":false,"after_sensitive":{}}},{"address":"module.acox_tg_2[\"acox_b_1\"].aws_lb_listener_rule.static","module_address":"module.acox_tg_2[\"acox_b_1\"]","mode":"managed","type":"aws_lb_listener_rule","name":"static","provider_name":"registry.terraform.io/hashicorp/aws","change":{"actions":["create"],"before":null,"after":{"action":[{"authenticate_cognito":[],"authenticate_oidc":[],"fixed_response":[],"forward":[],"redirect":[],"type":"forward"}],"condition":[{"host_header":[],"http_header":[],"http_request_method":[],"path_pattern":[{"values":["/tg2"]}],"query_string":[],"source_ip":[]}],"tags":null},"after_unknown":{"action":[{"authenticate_cognito":[],"authenticate_oidc":[],"fixed_response":[],"forward":[],"order":true,"redirect":[],"target_group_arn":true}],"arn":true,"condition":[{"host_header":[],"http_header":[],"http_request_method":[],"path_pattern":[{"values":[false]}],"query_string":[],"source_ip":[]}],"id":true,"listener_arn":true,"priority":true,"tags_all":true},"before_sensitive":false,"after_sensitive":{"action":[{"authenticate_cognito":[],"authenticate_oidc":[],"fixed_response":[],"forward":[],"redirect":[]}],"condition":[{"host_header":[],"http_header":[],"http_request_method":[],"path_pattern":[{"values":[false]}],"query_string":[],"source_ip":[]}],"tags_all":{}}}},{"address":"module.acox_tg_2[\"acox_b_1\"].aws_lb_target_group.acox_tg","module_address":"module.acox_tg_2[\"acox_b_1\"]","mode":"managed","type":"aws_lb_target_group","name":"acox_tg","provider_name":"registry.terraform.io/hashicorp/aws","change":{"actions":["create"],"before":null,"after":{"connection_termination":false,"deregistration_delay":"300","health_check":[{"enabled":true,"healthy_threshold":3,"interval":5,"path":"/","port":"traffic-port","protocol":"HTTP","timeout":4,"unhealthy_threshold":2}],"lambda_multi_value_headers_enabled":false,"name":"acox-tg-b","name_prefix":null,"port":80,"protocol":"HTTP","proxy_protocol_v2":false,"slow_start":0,"tags":null,"target_type":"instance"},"after_unknown":{"arn":true,"arn_suffix":true,"health_check":[{"matcher":true}],"id":true,"load_balancing_algorithm_type":true,"preserve_client_ip":true,"protocol_version":true,"stickiness":true,"tags_all":true,"vpc_id":true},"before_sensitive":false,"after_sensitive":{"health_check":[{}],"stickiness":[],"tags_all":{}}}},{"address":"module.acox_tg_2[\"acox_b_1\"].aws_lb_target_group_attachment.test","module_address":"module.acox_tg_2[\"acox_b_1\"]","mode":"managed","type":"aws_lb_target_group_attachment","name":"test","provider_name":"registry.terraform.io/hashicorp/aws","change":{"actions":["create"],"before":null,"after":{"availability_zone":null,"port":80},"after_unknown":{"id":true,"target_group_arn":true,"target_id":true},"before_sensitive":false,"after_sensitive":{}}},{"address":"module.acox_tg_2[\"acox_b_2\"].aws_lb_listener_rule.static","module_address":"module.acox_tg_2[\"acox_b_2\"]","mode":"managed","type":"aws_lb_listener_rule","name":"static","provider_name":"registry.terraform.io/hashicorp/aws","change":{"actions":["create"],"before":null,"after":{"action":[{"authenticate_cognito":[],"authenticate_oidc":[],"fixed_response":[],"forward":[],"redirect":[],"type":"forward"}],"condition":[{"host_header":[],"http_header":[],"http_request_method":[],"path_pattern":[{"values":["/tg2"]}],"query_string":[],"source_ip":[]}],"tags":null},"after_unknown":{"action":[{"authenticate_cognito":[],"authenticate_oidc":[],"fixed_response":[],"forward":[],"order":true,"redirect":[],"target_group_arn":true}],"arn":true,"condition":[{"host_header":[],"http_header":[],"http_request_method":[],"path_pattern":[{"values":[false]}],"query_string":[],"source_ip":[]}],"id":true,"listener_arn":true,"priority":true,"tags_all":true},"before_sensitive":false,"after_sensitive":{"action":[{"authenticate_cognito":[],"authenticate_oidc":[],"fixed_response":[],"forward":[],"redirect":[]}],"condition":[{"host_header":[],"http_header":[],"http_request_method":[],"path_pattern":[{"values":[false]}],"query_string":[],"source_ip":[]}],"tags_all":{}}}},{"address":"module.acox_tg_2[\"acox_b_2\"].aws_lb_target_group.acox_tg","module_address":"module.acox_tg_2[\"acox_b_2\"]","mode":"managed","type":"aws_lb_target_group","name":"acox_tg","provider_name":"registry.terraform.io/hashicorp/aws","change":{"actions":["create"],"before":null,"after":{"connection_termination":false,"deregistration_delay":"300","health_check":[{"enabled":true,"healthy_threshold":3,"interval":5,"path":"/","port":"traffic-port","protocol":"HTTP","timeout":4,"unhealthy_threshold":2}],"lambda_multi_value_headers_enabled":false,"name":"acox-tg-b","name_prefix":null,"port":80,"protocol":"HTTP","proxy_protocol_v2":false,"slow_start":0,"tags":null,"target_type":"instance"},"after_unknown":{"arn":true,"arn_suffix":true,"health_check":[{"matcher":true}],"id":true,"load_balancing_algorithm_type":true,"preserve_client_ip":true,"protocol_version":true,"stickiness":true,"tags_all":true,"vpc_id":true},"before_sensitive":false,"after_sensitive":{"health_check":[{}],"stickiness":[],"tags_all":{}}}},{"address":"module.acox_tg_2[\"acox_b_2\"].aws_lb_target_group_attachment.test","module_address":"module.acox_tg_2[\"acox_b_2\"]","mode":"managed","type":"aws_lb_target_group_attachment","name":"test","provider_name":"registry.terraform.io/hashicorp/aws","change":{"actions":["create"],"before":null,"after":{"availability_zone":null,"port":80},"after_unknown":{"id":true,"target_group_arn":true,"target_id":true},"before_sensitive":false,"after_sensitive":{}}}],"output_changes":{"acox_alb_dns":{"actions":["create"],"before":null,"after_unknown":true,"before_sensitive":false,"after_sensitive":false}},"configuration":{"provider_config":{"aws":{"name":"aws","full_name":"registry.terraform.io/hashicorp/aws","version_constraint":"~\u003e 3.0","expressions":{"region":{"constant_value":"us-east-1"}}}},"root_module":{"outputs":{"acox_alb_dns":{"expression":{"references":["module.acox_alb.alb_dns","module.acox_alb"]},"description":"alb dns name"}},"module_calls":{"acox_alb":{"source":"./modules/aws-alb","expressions":{"alb_sg_ids":{"references":["module.acox_network.alb_sg_id","module.acox_network"]},"alb_subnets":{"references":["module.acox_network.subnet_a_id","module.acox_network","module.acox_network.subnet_b_id","module.acox_network"]}},"module":{"outputs":{"alb_dns":{"expression":{"references":["aws_lb.acox_alb.dns_name","aws_lb.acox_alb"]},"description":"DNS name of ALB"},"alb_listener_arn":{"expression":{"references":["aws_lb_listener.acox_alb_listener.arn","aws_lb_listener.acox_alb_listener"]},"description":"ALB listener arn"}},"resources":[{"address":"aws_lb.acox_alb","mode":"managed","type":"aws_lb","name":"acox_alb","provider_config_key":"aws","expressions":{"enable_deletion_protection":{"constant_value":false},"internal":{"constant_value":false},"load_balancer_type":{"constant_value":"application"},"name":{"constant_value":"test-lb-tf"},"security_groups":{"references":["var.alb_sg_ids"]},"subnets":{"references":["var.alb_subnets"]},"tags":{"constant_value":{"Environment":"acox-alb"}}},"schema_version":0},{"address":"aws_lb_listener.acox_alb_listener","mode":"managed","type":"aws_lb_listener","name":"acox_alb_listener","provider_config_key":"aws","expressions":{"default_action":[{"fixed_response":[{"content_type":{"constant_value":"text/plain"},"message_body":{"constant_value":"Fixed response content"},"status_code":{"constant_value":"200"}}],"type":{"constant_value":"fixed-response"}}],"load_balancer_arn":{"references":["aws_lb.acox_alb.arn","aws_lb.acox_alb"]},"port":{"constant_value":"80"},"protocol":{"constant_value":"HTTP"}},"schema_version":0}],"variables":{"alb_sg_ids":{"description":"ALB security group id"},"alb_subnets":{"description":"ALB security group id"}}}},"acox_instances_region_a":{"source":"./modules/aws-ec2","expressions":{"subnet_id":{"references":["module.acox_network.subnet_a_id","module.acox_network"]},"tags":{"references":["each.value.name","each.value"]},"vpc_security_group_ids":{"references":["module.acox_network.ec2_sg_id","module.acox_network"]}},"for_each_expression":{"references":["var.ec2_instances_a"]},"module":{"outputs":{"instance_id":{"expression":{"references":["aws_instance.acox_instance.id","aws_instance.acox_instance"]},"description":"ID of EC2 instance"},"instance_public_ip":{"expression":{"references":["aws_instance.acox_instance.public_ip","aws_instance.acox_instance"]},"description":"Public IP address of EC2 instance"}},"resources":[{"address":"aws_instance.acox_instance","mode":"managed","type":"aws_instance","name":"acox_instance","provider_config_key":"aws","expressions":{"ami":{"references":["var.instance_ami"]},"instance_type":{"references":["var.instance_type"]},"key_name":{"references":["var.aws_key_name"]},"monitoring":{"constant_value":true},"subnet_id":{"references":["var.subnet_id"]},"tags":{"references":["var.tags"]},"user_data":{"references":["path.module"]},"vpc_security_group_ids":{"references":["var.vpc_security_group_ids"]}},"schema_version":1}],"variables":{"availability_zone":{"default":"us-east-1a","description":"availability zone of instance"},"aws_key_name":{"default":"acox-key","description":"aws key for instances"},"instance_ami":{"default":"ami-09d3b3274b6c5d4aa","description":"Amazon Linux 2 Kernel 5.10 AMI 2.0.20221004.0 x86_64 HVM gp2"},"instance_type":{"default":"t2.micro","description":"Value of the Instance Type for the EC2 instance"},"subnet_id":{"description":"subnet id for instance"},"tags":{"default":{},"description":"Tags to set on the bucket."},"vpc_security_group_ids":{"description":"vpc security group id"}}}},"acox_instances_region_b":{"source":"./modules/aws-ec2","expressions":{"subnet_id":{"references":["module.acox_network.subnet_b_id","module.acox_network"]},"tags":{"references":["each.value.name","each.value"]},"vpc_security_group_ids":{"references":["module.acox_network.ec2_sg_id","module.acox_network"]}},"for_each_expression":{"references":["var.ec2_instances_b"]},"module":{"outputs":{"instance_id":{"expression":{"references":["aws_instance.acox_instance.id","aws_instance.acox_instance"]},"description":"ID of EC2 instance"},"instance_public_ip":{"expression":{"references":["aws_instance.acox_instance.public_ip","aws_instance.acox_instance"]},"description":"Public IP address of EC2 instance"}},"resources":[{"address":"aws_instance.acox_instance","mode":"managed","type":"aws_instance","name":"acox_instance","provider_config_key":"aws","expressions":{"ami":{"references":["var.instance_ami"]},"instance_type":{"references":["var.instance_type"]},"key_name":{"references":["var.aws_key_name"]},"monitoring":{"constant_value":true},"subnet_id":{"references":["var.subnet_id"]},"tags":{"references":["var.tags"]},"user_data":{"references":["path.module"]},"vpc_security_group_ids":{"references":["var.vpc_security_group_ids"]}},"schema_version":1}],"variables":{"availability_zone":{"default":"us-east-1a","description":"availability zone of instance"},"aws_key_name":{"default":"acox-key","description":"aws key for instances"},"instance_ami":{"default":"ami-09d3b3274b6c5d4aa","description":"Amazon Linux 2 Kernel 5.10 AMI 2.0.20221004.0 x86_64 HVM gp2"},"instance_type":{"default":"t2.micro","description":"Value of the Instance Type for the EC2 instance"},"subnet_id":{"description":"subnet id for instance"},"tags":{"default":{},"description":"Tags to set on the bucket."},"vpc_security_group_ids":{"description":"vpc security group id"}}}},"acox_network":{"source":"./modules/aws-network","module":{"outputs":{"alb_sg_id":{"expression":{"references":["aws_security_group.acox_alb_sg.id","aws_security_group.acox_alb_sg"]},"description":"alb instance security group"},"ec2_sg_id":{"expression":{"references":["aws_security_group.acox_ec2_sg.id","aws_security_group.acox_ec2_sg"]},"description":"ec2 instance security group"},"subnet_a_id":{"expression":{"references":["aws_subnet.subnet_a.id","aws_subnet.subnet_a"]},"description":"vpc subnet-a id"},"subnet_b_id":{"expression":{"references":["aws_subnet.subnet_b.id","aws_subnet.subnet_b"]},"description":"vpc subnet-b id"},"vpc_id":{"expression":{"references":["aws_vpc.main.id","aws_vpc.main"]},"description":"VPC id"}},"resources":[{"address":"aws_internet_gateway.acox_internet_gateway","mode":"managed","type":"aws_internet_gateway","name":"acox_internet_gateway","provider_config_key":"aws","expressions":{"tags":{"constant_value":{"Name":"main"}},"vpc_id":{"references":["aws_vpc.main.id","aws_vpc.main"]}},"schema_version":0},{"address":"aws_route_table.acox_aws_route_table","mode":"managed","type":"aws_route_table","name":"acox_aws_route_table","provider_config_key":"aws","expressions":{"route":{"references":["aws_internet_gateway.acox_internet_gateway.id","aws_internet_gateway.acox_internet_gateway"]},"tags":{"constant_value":{"Name":"Public Subnet Route Table."}},"vpc_id":{"references":["aws_vpc.main.id","aws_vpc.main"]}},"schema_version":0},{"address":"aws_route_table_association.my_vpc_us_east_1a_public","mode":"managed","type":"aws_route_table_association","name":"my_vpc_us_east_1a_public","provider_config_key":"aws","expressions":{"route_table_id":{"references":["aws_route_table.acox_aws_route_table.id","aws_route_table.acox_aws_route_table"]},"subnet_id":{"references":["aws_subnet.subnet_a.id","aws_subnet.subnet_a"]}},"schema_version":0},{"address":"aws_route_table_association.my_vpc_us_east_1b_public","mode":"managed","type":"aws_route_table_association","name":"my_vpc_us_east_1b_public","provider_config_key":"aws","expressions":{"route_table_id":{"references":["aws_route_table.acox_aws_route_table.id","aws_route_table.acox_aws_route_table"]},"subnet_id":{"references":["aws_subnet.subnet_b.id","aws_subnet.subnet_b"]}},"schema_version":0},{"address":"aws_security_group.acox_alb_sg","mode":"managed","type":"aws_security_group","name":"acox_alb_sg","provider_config_key":"aws","expressions":{"description":{"constant_value":"Allow HTTP traffic"},"egress":{"constant_value":[{"cidr_blocks":["0.0.0.0/0"],"description":"Internet Access","from_port":0,"ipv6_cidr_blocks":["::/0"],"prefix_list_ids":null,"protocol":"-1","security_groups":null,"self":null,"to_port":0}]},"ingress":{"constant_value":[{"cidr_blocks":["0.0.0.0/0"],"description":"HTTP connection","from_port":80,"ipv6_cidr_blocks":null,"prefix_list_ids":null,"protocol":"tcp","security_groups":null,"self":null,"to_port":80}]},"name":{"constant_value":"acox-alb-http"},"tags":{"constant_value":{"Name":"allow-http"}},"vpc_id":{"references":["aws_vpc.main.id","aws_vpc.main"]}},"schema_version":1},{"address":"aws_security_group.acox_ec2_sg","mode":"managed","type":"aws_security_group","name":"acox_ec2_sg","provider_config_key":"aws","expressions":{"description":{"constant_value":"Allow SSH and HTTP traffic"},"egress":{"constant_value":[{"cidr_blocks":["0.0.0.0/0"],"description":"Internet Access","from_port":0,"ipv6_cidr_blocks":["::/0"],"prefix_list_ids":null,"protocol":"-1","security_groups":null,"self":null,"to_port":0}]},"ingress":{"references":["aws_security_group.acox_alb_sg.id","aws_security_group.acox_alb_sg"]},"name":{"constant_value":"acox-ssh-http"},"tags":{"constant_value":{"Name":"allow-ssh-http"}},"vpc_id":{"references":["aws_vpc.main.id","aws_vpc.main"]}},"schema_version":1},{"address":"aws_subnet.subnet_a","mode":"managed","type":"aws_subnet","name":"subnet_a","provider_config_key":"aws","expressions":{"availability_zone":{"constant_value":"us-east-1a"},"cidr_block":{"constant_value":"10.0.1.0/24"},"map_public_ip_on_launch":{"constant_value":true},"tags":{"constant_value":{"Name":"acox-subnet-a"}},"vpc_id":{"references":["aws_vpc.main.id","aws_vpc.main"]}},"schema_version":1},{"address":"aws_subnet.subnet_b","mode":"managed","type":"aws_subnet","name":"subnet_b","provider_config_key":"aws","expressions":{"availability_zone":{"constant_value":"us-east-1b"},"cidr_block":{"constant_value":"10.0.2.0/24"},"map_public_ip_on_launch":{"constant_value":true},"tags":{"constant_value":{"Name":"acox-subnet-b"}},"vpc_id":{"references":["aws_vpc.main.id","aws_vpc.main"]}},"schema_version":1},{"address":"aws_subnet.subnet_c","mode":"managed","type":"aws_subnet","name":"subnet_c","provider_config_key":"aws","expressions":{"availability_zone":{"constant_value":"us-east-1c"},"cidr_block":{"constant_value":"10.0.3.0/24"},"tags":{"constant_value":{"Name":"acox-subnet-c"}},"vpc_id":{"references":["aws_vpc.main.id","aws_vpc.main"]}},"schema_version":1},{"address":"aws_vpc.main","mode":"managed","type":"aws_vpc","name":"main","provider_config_key":"aws","expressions":{"cidr_block":{"constant_value":"10.0.0.0/16"},"enable_dns_hostnames":{"constant_value":true},"instance_tenancy":{"constant_value":"default"},"tags":{"constant_value":{"Name":"main"}}},"schema_version":1}]}},"acox_tg_1":{"source":"./modules/aws-tg","expressions":{"condition":{"constant_value":"/tg1"},"listener_arn":{"references":["module.acox_alb.alb_listener_arn","module.acox_alb"]},"target_id":{"references":["each.value.instance_id","each.value"]},"tg_name":{"constant_value":"acox-tg-a"},"vpc_id":{"references":["module.acox_network.vpc_id","module.acox_network"]}},"for_each_expression":{"references":["module.acox_instances_region_a"]},"module":{"resources":[{"address":"aws_lb_listener_rule.static","mode":"managed","type":"aws_lb_listener_rule","name":"static","provider_config_key":"aws","expressions":{"action":[{"target_group_arn":{"references":["aws_lb_target_group.acox_tg.arn","aws_lb_target_group.acox_tg"]},"type":{"constant_value":"forward"}}],"condition":[{"path_pattern":[{"values":{"references":["var.condition"]}}]}],"listener_arn":{"references":["var.listener_arn"]}},"schema_version":0},{"address":"aws_lb_target_group.acox_tg","mode":"managed","type":"aws_lb_target_group","name":"acox_tg","provider_config_key":"aws","expressions":{"health_check":[{"enabled":{"constant_value":true},"healthy_threshold":{"constant_value":3},"interval":{"constant_value":5},"path":{"constant_value":"/"},"port":{"constant_value":"traffic-port"},"protocol":{"constant_value":"HTTP"},"timeout":{"constant_value":4},"unhealthy_threshold":{"constant_value":2}}],"name":{"references":["var.tg_name"]},"port":{"constant_value":80},"protocol":{"constant_value":"HTTP"},"target_type":{"constant_value":"instance"},"vpc_id":{"references":["var.vpc_id"]}},"schema_version":0},{"address":"aws_lb_target_group_attachment.test","mode":"managed","type":"aws_lb_target_group_attachment","name":"test","provider_config_key":"aws","expressions":{"port":{"constant_value":80},"target_group_arn":{"references":["aws_lb_target_group.acox_tg.arn","aws_lb_target_group.acox_tg"]},"target_id":{"references":["var.target_id"]}},"schema_version":0}],"variables":{"condition":{"description":"condition path pattern"},"listener_arn":{"description":"listener arn id"},"target_id":{"description":"instance ids for target group"},"tg_name":{"description":"target group name"},"vpc_id":{"description":"vpc id for target group"}}}},"acox_tg_2":{"source":"./modules/aws-tg","expressions":{"condition":{"constant_value":"/tg2"},"listener_arn":{"references":["module.acox_alb.alb_listener_arn","module.acox_alb"]},"target_id":{"references":["each.value.instance_id","each.value"]},"tg_name":{"constant_value":"acox-tg-b"},"vpc_id":{"references":["module.acox_network.vpc_id","module.acox_network"]}},"for_each_expression":{"references":["module.acox_instances_region_b"]},"module":{"resources":[{"address":"aws_lb_listener_rule.static","mode":"managed","type":"aws_lb_listener_rule","name":"static","provider_config_key":"aws","expressions":{"action":[{"target_group_arn":{"references":["aws_lb_target_group.acox_tg.arn","aws_lb_target_group.acox_tg"]},"type":{"constant_value":"forward"}}],"condition":[{"path_pattern":[{"values":{"references":["var.condition"]}}]}],"listener_arn":{"references":["var.listener_arn"]}},"schema_version":0},{"address":"aws_lb_target_group.acox_tg","mode":"managed","type":"aws_lb_target_group","name":"acox_tg","provider_config_key":"aws","expressions":{"health_check":[{"enabled":{"constant_value":true},"healthy_threshold":{"constant_value":3},"interval":{"constant_value":5},"path":{"constant_value":"/"},"port":{"constant_value":"traffic-port"},"protocol":{"constant_value":"HTTP"},"timeout":{"constant_value":4},"unhealthy_threshold":{"constant_value":2}}],"name":{"references":["var.tg_name"]},"port":{"constant_value":80},"protocol":{"constant_value":"HTTP"},"target_type":{"constant_value":"instance"},"vpc_id":{"references":["var.vpc_id"]}},"schema_version":0},{"address":"aws_lb_target_group_attachment.test","mode":"managed","type":"aws_lb_target_group_attachment","name":"test","provider_config_key":"aws","expressions":{"port":{"constant_value":80},"target_group_arn":{"references":["aws_lb_target_group.acox_tg.arn","aws_lb_target_group.acox_tg"]},"target_id":{"references":["var.target_id"]}},"schema_version":0}],"variables":{"condition":{"description":"condition path pattern"},"listener_arn":{"description":"listener arn id"},"target_id":{"description":"instance ids for target group"},"tg_name":{"description":"target group name"},"vpc_id":{"description":"vpc id for target group"}}}}},"variables":{"ec2_instances_a":{"default":{"acox_a_1":{"name":"acox-instance-a-1"},"acox_a_2":{"name":"acox-instance-a-2"}},"description":"Map of project names to configuration."},"ec2_instances_b":{"default":{"acox_b_1":{"name":"acox-instance-b-1"},"acox_b_2":{"name":"acox-instance-b-2"}},"description":"Map of project names to configuration."}}}},"relevant_attributes":[{"resource":"module.acox_tg_2[\"acox_b_2\"].aws_lb_target_group.acox_tg","attribute":["arn"]},{"resource":"module.acox_alb.aws_lb.acox_alb","attribute":["dns_name"]},{"resource":"module.acox_instances_region_b[\"acox_b_1\"].aws_instance.acox_instance","attribute":["id"]},{"resource":"module.acox_instances_region_a[\"acox_a_2\"].aws_instance.acox_instance","attribute":["public_ip"]},{"resource":"module.acox_network.aws_vpc.main","attribute":["id"]},{"resource":"module.acox_network.aws_route_table.acox_aws_route_table","attribute":["id"]},{"resource":"module.acox_network.aws_subnet.subnet_a","attribute":["id"]},{"resource":"module.acox_tg_2[\"acox_b_1\"].aws_lb_target_group.acox_tg","attribute":["arn"]},{"resource":"module.acox_network.aws_security_group.acox_ec2_sg","attribute":["id"]},{"resource":"module.acox_alb.aws_lb_listener.acox_alb_listener","attribute":["arn"]},{"resource":"module.acox_instances_region_a[\"acox_a_1\"].aws_instance.acox_instance","attribute":["id"]},{"resource":"module.acox_network.aws_internet_gateway.acox_internet_gateway","attribute":["id"]},{"resource":"module.acox_network.aws_security_group.acox_alb_sg","attribute":["id"]},{"resource":"module.acox_alb.aws_lb.acox_alb","attribute":["arn"]},{"resource":"module.acox_instances_region_b[\"acox_b_1\"].aws_instance.acox_instance","attribute":["public_ip"]},{"resource":"module.acox_tg_1[\"acox_a_1\"].aws_lb_target_group.acox_tg","attribute":["arn"]},{"resource":"module.acox_tg_1[\"acox_a_2\"].aws_lb_target_group.acox_tg","attribute":["arn"]},{"resource":"module.acox_instances_region_b[\"acox_b_2\"].aws_instance.acox_instance","attribute":["id"]},{"resource":"module.acox_instances_region_a[\"acox_a_2\"].aws_instance.acox_instance","attribute":["id"]},{"resource":"module.acox_network.aws_subnet.subnet_b","attribute":["id"]},{"resource":"module.acox_instances_region_b[\"acox_b_2\"].aws_instance.acox_instance","attribute":["public_ip"]},{"resource":"module.acox_instances_region_a[\"acox_a_1\"].aws_instance.acox_instance","attribute":["public_ip"]}]}
